
Microsoft Visual Studio Solution File, Format Version 12.00
# Visual Studio 15
VisualStudioVersion = 15.0.28307.960
MinimumVisualStudioVersion = 10.0.40219.1
Project("{D2ABAB84-BF74-430A-B69E-9DC6D40DDA17}") = "ist722_hhkhan_cc2(IST-CS-DW1)", "<Server=ist-cs-dw1.ad.syr.edu;Database=ist722_hhkhan_cc2;>", "{B709B748-F0B5-4CB5-B6AF-878DC8245EF6}"
EndProject
Global
	GlobalSection(SolutionConfigurationPlatforms) = preSolution
		Development|Default = Development|Default
	EndGlobalSection
	GlobalSection(ProjectConfigurationPlatforms) = postSolution
		{B709B748-F0B5-4CB5-B6AF-878DC8245EF6}.Development|Default.ActiveCfg = Development
	EndGlobalSection
	GlobalSection(SolutionProperties) = preSolution
		HideSolutionNode = FALSE
	EndGlobalSection
	GlobalSection(ExtensibilityGlobals) = postSolution
		SolutionGuid = {4BC41D12-BF3F-4D5E-88B7-EFD04BCFB1C8}
	EndGlobalSection
EndGlobal
